
Microsoft Visual Studio Solution File, Format Version 12.00
# Visual Studio Version 16
VisualStudioVersion = 16.0.31613.86
MinimumVisualStudioVersion = 10.0.40219.1
Project("{9A19103F-16F7-4668-BE54-9A1E7A4F7556}") = "PeerIslands.ExpressionCalculator", "PeerIslands.ExpressionCalculator\PeerIslands.ExpressionCalculator.csproj", "{E470F04D-2055-48F0-A059-50FE5C64ECF2}"
EndProject
Project("{FAE04EC0-301F-11D3-BF4B-00C04F79EFBC}") = "PeerIslands.ExpressionCalculator.Tests", "PeerIslands.ExpressionCalculator.Tests\PeerIslands.ExpressionCalculator.Tests.csproj", "{C4F1F89F-48E5-42AB-86DD-7B5B5980E3E1}"
EndProject
Global
	GlobalSection(SolutionConfigurationPlatforms) = preSolution
		Debug|Any CPU = Debug|Any CPU
		Release|Any CPU = Release|Any CPU
	EndGlobalSection
	GlobalSection(ProjectConfigurationPlatforms) = postSolution
		{E470F04D-2055-48F0-A059-50FE5C64ECF2}.Debug|Any CPU.ActiveCfg = Debug|Any CPU
		{E470F04D-2055-48F0-A059-50FE5C64ECF2}.Debug|Any CPU.Build.0 = Debug|Any CPU
		{E470F04D-2055-48F0-A059-50FE5C64ECF2}.Release|Any CPU.ActiveCfg = Release|Any CPU
		{E470F04D-2055-48F0-A059-50FE5C64ECF2}.Release|Any CPU.Build.0 = Release|Any CPU
		{C4F1F89F-48E5-42AB-86DD-7B5B5980E3E1}.Debug|Any CPU.ActiveCfg = Debug|Any CPU
		{C4F1F89F-48E5-42AB-86DD-7B5B5980E3E1}.Debug|Any CPU.Build.0 = Debug|Any CPU
		{C4F1F89F-48E5-42AB-86DD-7B5B5980E3E1}.Release|Any CPU.ActiveCfg = Release|Any CPU
		{C4F1F89F-48E5-42AB-86DD-7B5B5980E3E1}.Release|Any CPU.Build.0 = Release|Any CPU
	EndGlobalSection
	GlobalSection(SolutionProperties) = preSolution
		HideSolutionNode = FALSE
	EndGlobalSection
	GlobalSection(ExtensibilityGlobals) = postSolution
		SolutionGuid = {F1F83AAC-A704-4D9D-A089-AD09954F8489}
	EndGlobalSection
EndGlobal
